
Microsoft Visual Studio Solution File, Format Version 12.00
# Visual Studio Version 16
VisualStudioVersion = 16.0.30804.86
MinimumVisualStudioVersion = 10.0.40219.1
Project("{FAE04EC0-301F-11D3-BF4B-00C04F79EFBC}") = "TaskAddCats", "TaskAddCats\TaskAddCats.csproj", "{DD7F6468-9A6E-4378-8693-6B3700E79D79}"
EndProject
Project("{FAE04EC0-301F-11D3-BF4B-00C04F79EFBC}") = "EFDataContext", "EFDataContext\EFDataContext.csproj", "{FB0D90C3-5502-450C-BBDE-4DF4E39AA2E0}"
EndProject
Project("{FAE04EC0-301F-11D3-BF4B-00C04F79EFBC}") = "EFEntities", "EFEntities\EFEntities.csproj", "{ED49176E-1C70-4C52-98E4-CDBB65F4CA76}"
EndProject
Global
	GlobalSection(SolutionConfigurationPlatforms) = preSolution
		Debug|Any CPU = Debug|Any CPU
		Release|Any CPU = Release|Any CPU
	EndGlobalSection
	GlobalSection(ProjectConfigurationPlatforms) = postSolution
		{DD7F6468-9A6E-4378-8693-6B3700E79D79}.Debug|Any CPU.ActiveCfg = Debug|Any CPU
		{DD7F6468-9A6E-4378-8693-6B3700E79D79}.Debug|Any CPU.Build.0 = Debug|Any CPU
		{DD7F6468-9A6E-4378-8693-6B3700E79D79}.Release|Any CPU.ActiveCfg = Release|Any CPU
		{DD7F6468-9A6E-4378-8693-6B3700E79D79}.Release|Any CPU.Build.0 = Release|Any CPU
		{FB0D90C3-5502-450C-BBDE-4DF4E39AA2E0}.Debug|Any CPU.ActiveCfg = Debug|Any CPU
		{FB0D90C3-5502-450C-BBDE-4DF4E39AA2E0}.Debug|Any CPU.Build.0 = Debug|Any CPU
		{FB0D90C3-5502-450C-BBDE-4DF4E39AA2E0}.Release|Any CPU.ActiveCfg = Release|Any CPU
		{FB0D90C3-5502-450C-BBDE-4DF4E39AA2E0}.Release|Any CPU.Build.0 = Release|Any CPU
		{ED49176E-1C70-4C52-98E4-CDBB65F4CA76}.Debug|Any CPU.ActiveCfg = Debug|Any CPU
		{ED49176E-1C70-4C52-98E4-CDBB65F4CA76}.Debug|Any CPU.Build.0 = Debug|Any CPU
		{ED49176E-1C70-4C52-98E4-CDBB65F4CA76}.Release|Any CPU.ActiveCfg = Release|Any CPU
		{ED49176E-1C70-4C52-98E4-CDBB65F4CA76}.Release|Any CPU.Build.0 = Release|Any CPU
	EndGlobalSection
	GlobalSection(SolutionProperties) = preSolution
		HideSolutionNode = FALSE
	EndGlobalSection
	GlobalSection(ExtensibilityGlobals) = postSolution
		SolutionGuid = {8A519A60-6905-412B-B05A-F74706F03703}
	EndGlobalSection
EndGlobal
